github.com/adrg/go-wkhtmltopdf v0.3.0 h1:Zy/bbS6fPlAzuogW5uKa/sLX+SNWwV2DvVued0ZD55c=
github.com/adrg/go-wkhtmltopdf v0.3.0/go.mod h1:PabO59E2w5GMKC8apqcXmf5rZZmiydIP3H1Wb4Uox6I=
github.com/ledongthuc/pdf v0.0.0-20210621053716-e28cb8259002 h1:9KI9JpkbCm0b/xSjvNyg9O7G27t+cf+L3um6xv1IbNs=
github.com/ledongthuc/pdf v0.0.0-20210621053716-e28cb8259002/go.mod h1:imJHygn/1yfhB7XSJJKlFZKl/J+dCPAknuiaGOshXAs=
github.com/phpdave11/gofpdi v1.0.11/go.mod h1:vBmVV0Do6hSBHC8uKUQ71JGW+ZGQq74llk/7bXwjDoI=
github.com/phpdave11/gofpdi v1.0.13 h1:o61duiW8M9sMlkVXWlvP92sZJtGKENvW3VExs6dZukQ=
github.com/phpdave11/gofpdi v1.0.13/go.mod h1:vBmVV0Do6hSBHC8uKUQ71JGW+ZGQq74llk/7bXwjDoI=
github.com/pkg/errors v0.8.1/go.mod h1:bwawxfHBFNV+L2hUp1rHADufV3IMtnDRdf1r5NINEl0=
github.com/pkg/errors v0.9.1 h1:FEBLx1zS214owpjy7qsBeixbURkuhQAwrK5UwLGTwt4=
github.com/pkg/errors v0.9.1/go.mod h1:bwawxfHBFNV+L2hUp1rHADufV3IMtnDRdf1r5NINEl0=
github.com/signintech/gopdf v0.10.6 h1:E4aQqEjgCABH9ved+VbU5cneJPQ6m0PRHxJjGE2rJMI=
github.com/signintech/gopdf v0.10.6/go.mod h1:PXwitUSeFWEWs+wHVjSS3cUmD4PTXB686ozqfDIQQoQ=
