github.com/adrg/go-wkhtmltopdf v0.3.0 h1:Zy/bbS6fPlAzuogW5uKa/sLX+SNWwV2DvVued0ZD55c=
github.com/adrg/go-wkhtmltopdf v0.3.0/go.mod h1:PabO59E2w5GMKC8apqcXmf5rZZmiydIP3H1Wb4Uox6I=
github.com/cockroachdb/apd v1.1.0 h1:3LFP3629v+1aKXU5Q37mxmRxX/pIu1nijXydLShEq5I=
github.com/cockroachdb/apd v1.1.0/go.mod h1:8Sl8LxpKi29FqWXR16WEFZRNSz3SoPzUzeMeY4+DwBQ=
github.com/davecgh/go-spew v1.1.1 h1:vj9j/u1bqnvCEfJOwUhtlOARqs3+rkHYY13jYWTU97c=
github.com/davecgh/go-spew v1.1.1/go.mod h1:J7Y8YcW2NihsgmVo/mv3lAwl/skON4iLHjSsI+c5H38=
github.com/ledongthuc/pdf v0.0.0-20210621053716-e28cb8259002 h1:9KI9JpkbCm0b/xSjvNyg9O7G27t+cf+L3um6xv1IbNs=
github.com/ledongthuc/pdf v0.0.0-20210621053716-e28cb8259002/go.mod h1:imJHygn/1yfhB7XSJJKlFZKl/J+dCPAknuiaGOshXAs=
github.com/leekchan/accounting v1.0.0 h1:+Wd7dJ//dFPa28rc1hjyy+qzCbXPMR91Fb6F1VGTQHg=
github.com/leekchan/accounting v1.0.0/go.mod h1:3timm6YPhY3YDaGxl0q3eaflX0eoSx3FXn7ckHe4tO0=
github.com/lib/pq v1.0.0 h1:X5PMW56eZitiTeO7tKzZxFCSpbFZJtkMMooicw2us9A=
github.com/lib/pq v1.0.0/go.mod h1:5WUZQaWbwv1U+lTReE5YruASi9Al49XbQIvNi/34Woo=
github.com/pkg/errors v0.8.1/go.mod h1:bwawxfHBFNV+L2hUp1rHADufV3IMtnDRdf1r5NINEl0=
github.com/pkg/errors v0.9.1 h1:FEBLx1zS214owpjy7qsBeixbURkuhQAwrK5UwLGTwt4=
github.com/pkg/errors v0.9.1/go.mod h1:bwawxfHBFNV+L2hUp1rHADufV3IMtnDRdf1r5NINEl0=
github.com/pmezard/go-difflib v1.0.0 h1:4DBwDE0NGyQoBHbLQYPwSUPoCMWR5BEzIk/f1lZbAQM=
github.com/pmezard/go-difflib v1.0.0/go.mod h1:iKH77koFhYxTK1pcRnkKkqfTogsbg7gZNVY4sRDYZ/4=
github.com/shopspring/decimal v0.0.0-20180709203117-cd690d0c9e24/go.mod h1:M+9NzErvs504Cn4c5DxATwIqPbtswREoFCre64PpcG4=
github.com/shopspring/decimal v1.3.1 h1:2Usl1nmF/WZucqkFZhnfFYxxxu8LG21F6nPQBE5gKV8=
github.com/shopspring/decimal v1.3.1/go.mod h1:DKyhrW/HYNuLGql+MJL6WCR6knT2jwCFRcu2hWCYk4o=
github.com/sirupsen/logrus v1.8.1 h1:dJKuHgqk1NNQlqoA6BTlM1Wf9DOH3NBjQyu0h9+AZZE=
github.com/sirupsen/logrus v1.8.1/go.mod h1:yWOB1SBYBC5VeMP7gHvWumXLIWorT60ONWic61uBYv0=
github.com/stretchr/testify v1.2.2 h1:bSDNvY7ZPG5RlJ8otE/7V6gMiyenm9RtJ7IUVIAoJ1w=
github.com/stretchr/testify v1.2.2/go.mod h1:a8OnRcib4nhh0OaRAV+Yts87kKdq0PP7pXfy6kDkUVs=
golang.org/x/sys v0.0.0-20191026070338-33540a1f6037 h1:YyJpGZS1sBuBCzLAR1VEpK193GlqGZbnPFnPV/5Rsb4=
golang.org/x/sys v0.0.0-20191026070338-33540a1f6037/go.mod h1:h1NjWce9XRLGQEsW7wpKNCjG9DtNlClVuFLEZdDNbEs=
